
Microsoft Visual Studio Solution File, Format Version 12.00
# Visual Studio Version 17
VisualStudioVersion = 17.0.32112.339
MinimumVisualStudioVersion = 10.0.40219.1
Project("{9A19103F-16F7-4668-BE54-9A1E7A4F7556}") = "EnsuranceProjectLib", "EnsuranceProjectLib\EnsuranceProjectLib.csproj", "{7F6D5917-55CF-4411-8B08-A79B668E9C60}"
EndProject
Project("{9A19103F-16F7-4668-BE54-9A1E7A4F7556}") = "InsuranceBankWebApiProject", "InsuranceBankWebApiProject\InsuranceBankWebApiProject.csproj", "{F97C46C8-E0B0-4273-AB8C-A64F92CD0351}"
EndProject
Project("{FAE04EC0-301F-11D3-BF4B-00C04F79EFBC}") = "EnsuranceProjectEntityLib", "EnsuranceProjectEntityLib\EnsuranceProjectEntityLib.csproj", "{229DC894-EB26-46D0-B218-3660B6934B44}"
EndProject
Global
	GlobalSection(SolutionConfigurationPlatforms) = preSolution
		Debug|Any CPU = Debug|Any CPU
		Release|Any CPU = Release|Any CPU
	EndGlobalSection
	GlobalSection(ProjectConfigurationPlatforms) = postSolution
		{7F6D5917-55CF-4411-8B08-A79B668E9C60}.Debug|Any CPU.ActiveCfg = Debug|Any CPU
		{7F6D5917-55CF-4411-8B08-A79B668E9C60}.Debug|Any CPU.Build.0 = Debug|Any CPU
		{7F6D5917-55CF-4411-8B08-A79B668E9C60}.Release|Any CPU.ActiveCfg = Release|Any CPU
		{7F6D5917-55CF-4411-8B08-A79B668E9C60}.Release|Any CPU.Build.0 = Release|Any CPU
		{F97C46C8-E0B0-4273-AB8C-A64F92CD0351}.Debug|Any CPU.ActiveCfg = Debug|Any CPU
		{F97C46C8-E0B0-4273-AB8C-A64F92CD0351}.Debug|Any CPU.Build.0 = Debug|Any CPU
		{F97C46C8-E0B0-4273-AB8C-A64F92CD0351}.Release|Any CPU.ActiveCfg = Release|Any CPU
		{F97C46C8-E0B0-4273-AB8C-A64F92CD0351}.Release|Any CPU.Build.0 = Release|Any CPU
		{229DC894-EB26-46D0-B218-3660B6934B44}.Debug|Any CPU.ActiveCfg = Debug|Any CPU
		{229DC894-EB26-46D0-B218-3660B6934B44}.Debug|Any CPU.Build.0 = Debug|Any CPU
		{229DC894-EB26-46D0-B218-3660B6934B44}.Release|Any CPU.ActiveCfg = Release|Any CPU
		{229DC894-EB26-46D0-B218-3660B6934B44}.Release|Any CPU.Build.0 = Release|Any CPU
	EndGlobalSection
	GlobalSection(SolutionProperties) = preSolution
		HideSolutionNode = FALSE
	EndGlobalSection
	GlobalSection(ExtensibilityGlobals) = postSolution
		SolutionGuid = {BE8E7CCA-944F-4B10-A95F-61966BAF6276}
	EndGlobalSection
EndGlobal
